
Microsoft Visual Studio Solution File, Format Version 12.00
# Visual Studio 15
VisualStudioVersion = 15.0.28307.757
MinimumVisualStudioVersion = 10.0.40219.1
Project("{9A19103F-16F7-4668-BE54-9A1E7A4F7556}") = "SniperRework", "SniperRework\SniperRework.csproj", "{8F3C5F8A-2056-4691-B188-11896FD6037E}"
EndProject
Project("{9A19103F-16F7-4668-BE54-9A1E7A4F7556}") = "MUL-T roadrage", "MUL-T roadrage\MUL-T roadrage.csproj", "{35A1CACF-9CE8-4BD7-BD57-34D5AA7E4115}"
EndProject
Project("{9A19103F-16F7-4668-BE54-9A1E7A4F7556}") = "ReinAcrid", "ReinAcrid\ReinAcrid.csproj", "{7DFE75C9-DC40-469D-AF4C-195AC28301AA}"
EndProject
Project("{9A19103F-16F7-4668-BE54-9A1E7A4F7556}") = "ReinArchwispDemo", "ReinArchwispDemo\ReinArchwispDemo.csproj", "{AAE032C4-4CF8-407A-89B0-F26581AB42CC}"
EndProject
Project("{9A19103F-16F7-4668-BE54-9A1E7A4F7556}") = "CopyObject", "CopyObject\CopyObject.csproj", "{DF2A20DF-7114-4A82-87D3-BF277A306800}"
EndProject
Project("{9A19103F-16F7-4668-BE54-9A1E7A4F7556}") = "GeneralFixes", "GeneralFixes\GeneralFixes.csproj", "{7362BB6E-F261-4CEB-BA04-F611AE818E9C}"
EndProject
Project("{9A19103F-16F7-4668-BE54-9A1E7A4F7556}") = "Artificerer", "Artificerer\Artificerer.csproj", "{F6386143-CA6A-41B2-90F5-B79B8F5BD97C}"
EndProject
Project("{9A19103F-16F7-4668-BE54-9A1E7A4F7556}") = "LoaderSkills", "LoaderSkills\LoaderSkills.csproj", "{A946B866-045A-49B6-A6E4-9A3664CD184D}"
EndProject
Project("{9A19103F-16F7-4668-BE54-9A1E7A4F7556}") = "StutterStunter", "StutterStunter\StutterStunter.csproj", "{B9018494-8A2C-4DD7-A898-A7B258CB187A}"
EndProject
Project("{9A19103F-16F7-4668-BE54-9A1E7A4F7556}") = "ReinLunarWickedRing", "ReinLunarWickedRing\ReinLunarWickedRing.csproj", "{52721255-5AFA-4B1A-97A8-6464887A5D7D}"
EndProject
Project("{9A19103F-16F7-4668-BE54-9A1E7A4F7556}") = "HuntressSkills", "HuntressSkills\HuntressSkills.csproj", "{5957FF02-776C-47B8-AF9E-C945BA3BC4CC}"
EndProject
Project("{9A19103F-16F7-4668-BE54-9A1E7A4F7556}") = "ImprovedLoadTimes", "ImprovedLoadTimes\ImprovedLoadTimes.csproj", "{1AE70AEF-14CA-47C0-9903-C970C1415F31}"
EndProject
Project("{9A19103F-16F7-4668-BE54-9A1E7A4F7556}") = "ReinDirectorCardLib", "ReinDirectorCardLib\ReinDirectorCardLib.csproj", "{A6C1D5DC-C5A9-4D61-BF36-EB0455C84F0E}"
EndProject
Project("{9A19103F-16F7-4668-BE54-9A1E7A4F7556}") = "Atmosphere", "Atmosphere\Atmosphere.csproj", "{D8BBAB5C-06B4-4984-B601-85DCF48229C0}"
EndProject
Project("{FAE04EC0-301F-11D3-BF4B-00C04F79EFBC}") = "WispSurvivor", "WispSurvivor\WispSurvivor.csproj", "{3BDDA228-7CBC-4086-B32F-9D6592E5A53E}"
EndProject
Global
	GlobalSection(SolutionConfigurationPlatforms) = preSolution
		Debug|Any CPU = Debug|Any CPU
		Release|Any CPU = Release|Any CPU
	EndGlobalSection
	GlobalSection(ProjectConfigurationPlatforms) = postSolution
		{8F3C5F8A-2056-4691-B188-11896FD6037E}.Debug|Any CPU.ActiveCfg = Debug|Any CPU
		{8F3C5F8A-2056-4691-B188-11896FD6037E}.Debug|Any CPU.Build.0 = Debug|Any CPU
		{8F3C5F8A-2056-4691-B188-11896FD6037E}.Release|Any CPU.ActiveCfg = Release|Any CPU
		{8F3C5F8A-2056-4691-B188-11896FD6037E}.Release|Any CPU.Build.0 = Release|Any CPU
		{35A1CACF-9CE8-4BD7-BD57-34D5AA7E4115}.Debug|Any CPU.ActiveCfg = Debug|Any CPU
		{35A1CACF-9CE8-4BD7-BD57-34D5AA7E4115}.Debug|Any CPU.Build.0 = Debug|Any CPU
		{35A1CACF-9CE8-4BD7-BD57-34D5AA7E4115}.Release|Any CPU.ActiveCfg = Release|Any CPU
		{35A1CACF-9CE8-4BD7-BD57-34D5AA7E4115}.Release|Any CPU.Build.0 = Release|Any CPU
		{7DFE75C9-DC40-469D-AF4C-195AC28301AA}.Debug|Any CPU.ActiveCfg = Debug|Any CPU
		{7DFE75C9-DC40-469D-AF4C-195AC28301AA}.Debug|Any CPU.Build.0 = Debug|Any CPU
		{7DFE75C9-DC40-469D-AF4C-195AC28301AA}.Release|Any CPU.ActiveCfg = Release|Any CPU
		{7DFE75C9-DC40-469D-AF4C-195AC28301AA}.Release|Any CPU.Build.0 = Release|Any CPU
		{AAE032C4-4CF8-407A-89B0-F26581AB42CC}.Debug|Any CPU.ActiveCfg = Debug|Any CPU
		{AAE032C4-4CF8-407A-89B0-F26581AB42CC}.Debug|Any CPU.Build.0 = Debug|Any CPU
		{AAE032C4-4CF8-407A-89B0-F26581AB42CC}.Release|Any CPU.ActiveCfg = Release|Any CPU
		{AAE032C4-4CF8-407A-89B0-F26581AB42CC}.Release|Any CPU.Build.0 = Release|Any CPU
		{DF2A20DF-7114-4A82-87D3-BF277A306800}.Debug|Any CPU.ActiveCfg = Debug|Any CPU
		{DF2A20DF-7114-4A82-87D3-BF277A306800}.Debug|Any CPU.Build.0 = Debug|Any CPU
		{DF2A20DF-7114-4A82-87D3-BF277A306800}.Release|Any CPU.ActiveCfg = Release|Any CPU
		{DF2A20DF-7114-4A82-87D3-BF277A306800}.Release|Any CPU.Build.0 = Release|Any CPU
		{7362BB6E-F261-4CEB-BA04-F611AE818E9C}.Debug|Any CPU.ActiveCfg = Debug|Any CPU
		{7362BB6E-F261-4CEB-BA04-F611AE818E9C}.Debug|Any CPU.Build.0 = Debug|Any CPU
		{7362BB6E-F261-4CEB-BA04-F611AE818E9C}.Release|Any CPU.ActiveCfg = Release|Any CPU
		{7362BB6E-F261-4CEB-BA04-F611AE818E9C}.Release|Any CPU.Build.0 = Release|Any CPU
		{F6386143-CA6A-41B2-90F5-B79B8F5BD97C}.Debug|Any CPU.ActiveCfg = Debug|Any CPU
		{F6386143-CA6A-41B2-90F5-B79B8F5BD97C}.Debug|Any CPU.Build.0 = Debug|Any CPU
		{F6386143-CA6A-41B2-90F5-B79B8F5BD97C}.Release|Any CPU.ActiveCfg = Release|Any CPU
		{F6386143-CA6A-41B2-90F5-B79B8F5BD97C}.Release|Any CPU.Build.0 = Release|Any CPU
		{A946B866-045A-49B6-A6E4-9A3664CD184D}.Debug|Any CPU.ActiveCfg = Debug|Any CPU
		{A946B866-045A-49B6-A6E4-9A3664CD184D}.Debug|Any CPU.Build.0 = Debug|Any CPU
		{A946B866-045A-49B6-A6E4-9A3664CD184D}.Release|Any CPU.ActiveCfg = Release|Any CPU
		{A946B866-045A-49B6-A6E4-9A3664CD184D}.Release|Any CPU.Build.0 = Release|Any CPU
		{B9018494-8A2C-4DD7-A898-A7B258CB187A}.Debug|Any CPU.ActiveCfg = Debug|Any CPU
		{B9018494-8A2C-4DD7-A898-A7B258CB187A}.Debug|Any CPU.Build.0 = Debug|Any CPU
		{B9018494-8A2C-4DD7-A898-A7B258CB187A}.Release|Any CPU.ActiveCfg = Release|Any CPU
		{B9018494-8A2C-4DD7-A898-A7B258CB187A}.Release|Any CPU.Build.0 = Release|Any CPU
		{52721255-5AFA-4B1A-97A8-6464887A5D7D}.Debug|Any CPU.ActiveCfg = Debug|Any CPU
		{52721255-5AFA-4B1A-97A8-6464887A5D7D}.Debug|Any CPU.Build.0 = Debug|Any CPU
		{52721255-5AFA-4B1A-97A8-6464887A5D7D}.Release|Any CPU.ActiveCfg = Release|Any CPU
		{52721255-5AFA-4B1A-97A8-6464887A5D7D}.Release|Any CPU.Build.0 = Release|Any CPU
		{5957FF02-776C-47B8-AF9E-C945BA3BC4CC}.Debug|Any CPU.ActiveCfg = Debug|Any CPU
		{5957FF02-776C-47B8-AF9E-C945BA3BC4CC}.Debug|Any CPU.Build.0 = Debug|Any CPU
		{5957FF02-776C-47B8-AF9E-C945BA3BC4CC}.Release|Any CPU.ActiveCfg = Release|Any CPU
		{5957FF02-776C-47B8-AF9E-C945BA3BC4CC}.Release|Any CPU.Build.0 = Release|Any CPU
		{1AE70AEF-14CA-47C0-9903-C970C1415F31}.Debug|Any CPU.ActiveCfg = Debug|Any CPU
		{1AE70AEF-14CA-47C0-9903-C970C1415F31}.Debug|Any CPU.Build.0 = Debug|Any CPU
		{1AE70AEF-14CA-47C0-9903-C970C1415F31}.Release|Any CPU.ActiveCfg = Release|Any CPU
		{1AE70AEF-14CA-47C0-9903-C970C1415F31}.Release|Any CPU.Build.0 = Release|Any CPU
		{A6C1D5DC-C5A9-4D61-BF36-EB0455C84F0E}.Debug|Any CPU.ActiveCfg = Debug|Any CPU
		{A6C1D5DC-C5A9-4D61-BF36-EB0455C84F0E}.Debug|Any CPU.Build.0 = Debug|Any CPU
		{A6C1D5DC-C5A9-4D61-BF36-EB0455C84F0E}.Release|Any CPU.ActiveCfg = Release|Any CPU
		{A6C1D5DC-C5A9-4D61-BF36-EB0455C84F0E}.Release|Any CPU.Build.0 = Release|Any CPU
		{D8BBAB5C-06B4-4984-B601-85DCF48229C0}.Debug|Any CPU.ActiveCfg = Debug|Any CPU
		{D8BBAB5C-06B4-4984-B601-85DCF48229C0}.Debug|Any CPU.Build.0 = Debug|Any CPU
		{D8BBAB5C-06B4-4984-B601-85DCF48229C0}.Release|Any CPU.ActiveCfg = Release|Any CPU
		{D8BBAB5C-06B4-4984-B601-85DCF48229C0}.Release|Any CPU.Build.0 = Release|Any CPU
		{3BDDA228-7CBC-4086-B32F-9D6592E5A53E}.Debug|Any CPU.ActiveCfg = Debug|Any CPU
		{3BDDA228-7CBC-4086-B32F-9D6592E5A53E}.Debug|Any CPU.Build.0 = Debug|Any CPU
		{3BDDA228-7CBC-4086-B32F-9D6592E5A53E}.Release|Any CPU.ActiveCfg = Release|Any CPU
		{3BDDA228-7CBC-4086-B32F-9D6592E5A53E}.Release|Any CPU.Build.0 = Release|Any CPU
	EndGlobalSection
	GlobalSection(SolutionProperties) = preSolution
		HideSolutionNode = FALSE
	EndGlobalSection
	GlobalSection(ExtensibilityGlobals) = postSolution
		SolutionGuid = {BA09AC25-19C5-4B7B-8BC3-469DAE1F6A5D}
	EndGlobalSection
EndGlobal
