
Microsoft Visual Studio Solution File, Format Version 12.00
# Visual Studio Version 16
VisualStudioVersion = 16.0.29411.108
MinimumVisualStudioVersion = 10.0.40219.1
Project("{9A19103F-16F7-4668-BE54-9A1E7A4F7556}") = "SniperRework", "SniperRework\SniperRework.csproj", "{8F3C5F8A-2056-4691-B188-11896FD6037E}"
EndProject
Project("{9A19103F-16F7-4668-BE54-9A1E7A4F7556}") = "ReinArchwispDemo", "ReinArchwispDemo\ReinArchwispDemo.csproj", "{AAE032C4-4CF8-407A-89B0-F26581AB42CC}"
EndProject
Project("{9A19103F-16F7-4668-BE54-9A1E7A4F7556}") = "GeneralFixes", "GeneralFixes\GeneralFixes.csproj", "{7362BB6E-F261-4CEB-BA04-F611AE818E9C}"
EndProject
Project("{9A19103F-16F7-4668-BE54-9A1E7A4F7556}") = "StutterStunter", "StutterStunter\StutterStunter.csproj", "{B9018494-8A2C-4DD7-A898-A7B258CB187A}"
EndProject
Project("{9A19103F-16F7-4668-BE54-9A1E7A4F7556}") = "ReinLunarWickedRing", "ReinLunarWickedRing\ReinLunarWickedRing.csproj", "{52721255-5AFA-4B1A-97A8-6464887A5D7D}"
EndProject
Project("{9A19103F-16F7-4668-BE54-9A1E7A4F7556}") = "HuntressSkills", "HuntressSkills\HuntressSkills.csproj", "{5957FF02-776C-47B8-AF9E-C945BA3BC4CC}"
EndProject
Project("{9A19103F-16F7-4668-BE54-9A1E7A4F7556}") = "RogueWispPlugin", "WispSurvivor\RogueWispPlugin.csproj", "{3BDDA228-7CBC-4086-B32F-9D6592E5A53E}"
EndProject
Project("{9A19103F-16F7-4668-BE54-9A1E7A4F7556}") = "Deuterium Oxide", "Deuterium Oxide\Deuterium Oxide.csproj", "{FA176A06-C281-43BC-A0AA-7AF0CBFF4EFC}"
EndProject
Project("{9A19103F-16F7-4668-BE54-9A1E7A4F7556}") = "TurkeyMod", "TurkeyMod\TurkeyMod.csproj", "{6200575D-BBC0-4323-B01B-3B1D0B6E6FC3}"
EndProject
Project("{9A19103F-16F7-4668-BE54-9A1E7A4F7556}") = "JobTesting", "JobTesting\JobTesting.csproj", "{BDDA7B5C-B41A-4AB7-AB00-F33FC68CDEB3}"
EndProject
Project("{9A19103F-16F7-4668-BE54-9A1E7A4F7556}") = "AlternateArtificer", "AlternateArtificer\AlternateArtificer.csproj", "{0E67CEC4-3D28-4154-A91F-1F5FF1E54FA9}"
EndProject
Project("{9A19103F-16F7-4668-BE54-9A1E7A4F7556}") = "AlternativeAcrid", "AlternativeAcrid\AlternativeAcrid.csproj", "{4222D2DB-B3EE-4C5D-BE74-B62A98331E42}"
EndProject
Project("{9A19103F-16F7-4668-BE54-9A1E7A4F7556}") = "AlternativeRex", "AlternativeRex\AlternativeRex.csproj", "{C249C66D-FC48-4744-9CEB-5D5E5C8DF7F9}"
EndProject
Project("{9A19103F-16F7-4668-BE54-9A1E7A4F7556}") = "ModSync", "ModSync\ModSync.csproj", "{910482FD-477D-49EF-9F87-700F1DA45BB2}"
EndProject
Project("{9A19103F-16F7-4668-BE54-9A1E7A4F7556}") = "ImprovedVisions", "ImprovedVisions\ImprovedVisions.csproj", "{E4CF76FD-9804-4664-BC65-A052C480B8BA}"
EndProject
Project("{9A19103F-16F7-4668-BE54-9A1E7A4F7556}") = "FancyParticles", "FancyParticles\FancyParticles.csproj", "{9008E681-9B5F-4E86-BE13-9521BF7244D4}"
EndProject
Project("{2150E333-8FDC-42A3-9474-1A3956D46DE8}") = "Solution Items", "Solution Items", "{26884AA3-135C-483E-8B62-A93AD6F13E89}"
	ProjectSection(SolutionItems) = preProject
		.editorconfig = .editorconfig
	EndProjectSection
EndProject
Project("{9A19103F-16F7-4668-BE54-9A1E7A4F7556}") = "ModdedTrials", "ModdedTrials\ModdedTrials.csproj", "{7361308A-DDCA-4E0B-84BF-87F101DAD5A9}"
EndProject
Project("{9A19103F-16F7-4668-BE54-9A1E7A4F7556}") = "ReinCore", "ReinCore\ReinCore.csproj", "{FFE533FA-760E-4409-B103-67F7F5EC59ED}"
EndProject
Project("{9A19103F-16F7-4668-BE54-9A1E7A4F7556}") = "WeatherSystem", "WeatherSystem\WeatherSystem.csproj", "{B4E57AF6-F2C1-4658-8C2F-942DCA0390B3}"
EndProject
Project("{2150E333-8FDC-42A3-9474-1A3956D46DE8}") = "OtherStuff", "OtherStuff", "{8113551A-8949-44B5-A187-66504FEC24E0}"
EndProject
Project("{9A19103F-16F7-4668-BE54-9A1E7A4F7556}") = "SkinStuff", "SkinStuff\SkinStuff.csproj", "{FA031B35-4BF2-4B2F-AF3C-A1DB077F6D1E}"
EndProject
Project("{2150E333-8FDC-42A3-9474-1A3956D46DE8}") = "StandaloneScripts", "StandaloneScripts", "{586AAB97-C3BD-4D9D-8890-AAA82D675242}"
	ProjectSection(SolutionItems) = preProject
		__Standalone\AssemblyLoader.cs = __Standalone\AssemblyLoader.cs
		__Standalone\AssemblyLoader.tt = __Standalone\AssemblyLoader.tt
		__Standalone\AutomaticTokens.tt = __Standalone\AutomaticTokens.tt
		__Standalone\Base Plugin Class\CorePlugin.cs = __Standalone\Base Plugin Class\CorePlugin.cs
		__Standalone\prebuild.bat = __Standalone\prebuild.bat
		__Standalone\ResourceTools.cs = __Standalone\ResourceTools.cs
		__Standalone\ResourceTools.tt = __Standalone\ResourceTools.tt
		__Standalone\Base Plugin Class\State.cs = __Standalone\Base Plugin Class\State.cs
		__Standalone\Versioning.tt = __Standalone\Versioning.tt
	EndProjectSection
EndProject
Project("{9A19103F-16F7-4668-BE54-9A1E7A4F7556}") = "Sniper", "Sniper\Sniper.csproj", "{396EC8E4-3BE6-4F6C-90AC-0D62294FC162}"
EndProject
Project("{2150E333-8FDC-42A3-9474-1A3956D46DE8}") = "IL", "IL", "{1F3A36C6-5E60-4EEA-B71B-942A1784DDD9}"
EndProject
Project("{2150E333-8FDC-42A3-9474-1A3956D46DE8}") = "FS", "FS", "{0F92F1BD-3F46-4F83-BEA1-5E829ABD70AD}"
EndProject
Project("{6EC3EE1D-3C4E-46DD-8F32-0CC8E7565705}") = "FSReflectionLib", "FSReflectionLib\FSReflectionLib.fsproj", "{35CA5B95-7F77-4D1C-8A32-E8F3C9A52EA4}"
EndProject
Project("{2150E333-8FDC-42A3-9474-1A3956D46DE8}") = "Interactive", "Interactive", "{6FDF7FC4-FE70-413A-BA19-474B61822B6F}"
	ProjectSection(SolutionItems) = preProject
		TextFile1.txt = TextFile1.txt
	EndProjectSection
EndProject
Global
	GlobalSection(SolutionConfigurationPlatforms) = preSolution
		Debug|Any CPU = Debug|Any CPU
		Release|Any CPU = Release|Any CPU
	EndGlobalSection
	GlobalSection(ProjectConfigurationPlatforms) = postSolution
		{8F3C5F8A-2056-4691-B188-11896FD6037E}.Debug|Any CPU.ActiveCfg = Debug|Any CPU
		{8F3C5F8A-2056-4691-B188-11896FD6037E}.Debug|Any CPU.Build.0 = Debug|Any CPU
		{8F3C5F8A-2056-4691-B188-11896FD6037E}.Release|Any CPU.ActiveCfg = Release|Any CPU
		{8F3C5F8A-2056-4691-B188-11896FD6037E}.Release|Any CPU.Build.0 = Release|Any CPU
		{AAE032C4-4CF8-407A-89B0-F26581AB42CC}.Debug|Any CPU.ActiveCfg = Debug|Any CPU
		{AAE032C4-4CF8-407A-89B0-F26581AB42CC}.Debug|Any CPU.Build.0 = Debug|Any CPU
		{AAE032C4-4CF8-407A-89B0-F26581AB42CC}.Release|Any CPU.ActiveCfg = Release|Any CPU
		{AAE032C4-4CF8-407A-89B0-F26581AB42CC}.Release|Any CPU.Build.0 = Release|Any CPU
		{7362BB6E-F261-4CEB-BA04-F611AE818E9C}.Debug|Any CPU.ActiveCfg = Debug|Any CPU
		{7362BB6E-F261-4CEB-BA04-F611AE818E9C}.Debug|Any CPU.Build.0 = Debug|Any CPU
		{7362BB6E-F261-4CEB-BA04-F611AE818E9C}.Release|Any CPU.ActiveCfg = Release|Any CPU
		{7362BB6E-F261-4CEB-BA04-F611AE818E9C}.Release|Any CPU.Build.0 = Release|Any CPU
		{B9018494-8A2C-4DD7-A898-A7B258CB187A}.Debug|Any CPU.ActiveCfg = Debug|Any CPU
		{B9018494-8A2C-4DD7-A898-A7B258CB187A}.Debug|Any CPU.Build.0 = Debug|Any CPU
		{B9018494-8A2C-4DD7-A898-A7B258CB187A}.Release|Any CPU.ActiveCfg = Release|Any CPU
		{B9018494-8A2C-4DD7-A898-A7B258CB187A}.Release|Any CPU.Build.0 = Release|Any CPU
		{52721255-5AFA-4B1A-97A8-6464887A5D7D}.Debug|Any CPU.ActiveCfg = Debug|Any CPU
		{52721255-5AFA-4B1A-97A8-6464887A5D7D}.Debug|Any CPU.Build.0 = Debug|Any CPU
		{52721255-5AFA-4B1A-97A8-6464887A5D7D}.Release|Any CPU.ActiveCfg = Release|Any CPU
		{52721255-5AFA-4B1A-97A8-6464887A5D7D}.Release|Any CPU.Build.0 = Release|Any CPU
		{5957FF02-776C-47B8-AF9E-C945BA3BC4CC}.Debug|Any CPU.ActiveCfg = Debug|Any CPU
		{5957FF02-776C-47B8-AF9E-C945BA3BC4CC}.Debug|Any CPU.Build.0 = Debug|Any CPU
		{5957FF02-776C-47B8-AF9E-C945BA3BC4CC}.Release|Any CPU.ActiveCfg = Release|Any CPU
		{5957FF02-776C-47B8-AF9E-C945BA3BC4CC}.Release|Any CPU.Build.0 = Release|Any CPU
		{3BDDA228-7CBC-4086-B32F-9D6592E5A53E}.Debug|Any CPU.ActiveCfg = Debug|Any CPU
		{3BDDA228-7CBC-4086-B32F-9D6592E5A53E}.Debug|Any CPU.Build.0 = Debug|Any CPU
		{3BDDA228-7CBC-4086-B32F-9D6592E5A53E}.Release|Any CPU.ActiveCfg = Release|Any CPU
		{3BDDA228-7CBC-4086-B32F-9D6592E5A53E}.Release|Any CPU.Build.0 = Release|Any CPU
		{FA176A06-C281-43BC-A0AA-7AF0CBFF4EFC}.Debug|Any CPU.ActiveCfg = Debug|Any CPU
		{FA176A06-C281-43BC-A0AA-7AF0CBFF4EFC}.Debug|Any CPU.Build.0 = Debug|Any CPU
		{FA176A06-C281-43BC-A0AA-7AF0CBFF4EFC}.Release|Any CPU.ActiveCfg = Release|Any CPU
		{FA176A06-C281-43BC-A0AA-7AF0CBFF4EFC}.Release|Any CPU.Build.0 = Release|Any CPU
		{6200575D-BBC0-4323-B01B-3B1D0B6E6FC3}.Debug|Any CPU.ActiveCfg = Debug|Any CPU
		{6200575D-BBC0-4323-B01B-3B1D0B6E6FC3}.Debug|Any CPU.Build.0 = Debug|Any CPU
		{6200575D-BBC0-4323-B01B-3B1D0B6E6FC3}.Release|Any CPU.ActiveCfg = Release|Any CPU
		{6200575D-BBC0-4323-B01B-3B1D0B6E6FC3}.Release|Any CPU.Build.0 = Release|Any CPU
		{BDDA7B5C-B41A-4AB7-AB00-F33FC68CDEB3}.Debug|Any CPU.ActiveCfg = Debug|Any CPU
		{BDDA7B5C-B41A-4AB7-AB00-F33FC68CDEB3}.Debug|Any CPU.Build.0 = Debug|Any CPU
		{BDDA7B5C-B41A-4AB7-AB00-F33FC68CDEB3}.Release|Any CPU.ActiveCfg = Release|Any CPU
		{BDDA7B5C-B41A-4AB7-AB00-F33FC68CDEB3}.Release|Any CPU.Build.0 = Release|Any CPU
		{0E67CEC4-3D28-4154-A91F-1F5FF1E54FA9}.Debug|Any CPU.ActiveCfg = Debug|Any CPU
		{0E67CEC4-3D28-4154-A91F-1F5FF1E54FA9}.Debug|Any CPU.Build.0 = Debug|Any CPU
		{0E67CEC4-3D28-4154-A91F-1F5FF1E54FA9}.Release|Any CPU.ActiveCfg = Release|Any CPU
		{0E67CEC4-3D28-4154-A91F-1F5FF1E54FA9}.Release|Any CPU.Build.0 = Release|Any CPU
		{4222D2DB-B3EE-4C5D-BE74-B62A98331E42}.Debug|Any CPU.ActiveCfg = Debug|Any CPU
		{4222D2DB-B3EE-4C5D-BE74-B62A98331E42}.Debug|Any CPU.Build.0 = Debug|Any CPU
		{4222D2DB-B3EE-4C5D-BE74-B62A98331E42}.Release|Any CPU.ActiveCfg = Release|Any CPU
		{4222D2DB-B3EE-4C5D-BE74-B62A98331E42}.Release|Any CPU.Build.0 = Release|Any CPU
		{C249C66D-FC48-4744-9CEB-5D5E5C8DF7F9}.Debug|Any CPU.ActiveCfg = Debug|Any CPU
		{C249C66D-FC48-4744-9CEB-5D5E5C8DF7F9}.Debug|Any CPU.Build.0 = Debug|Any CPU
		{C249C66D-FC48-4744-9CEB-5D5E5C8DF7F9}.Release|Any CPU.ActiveCfg = Release|Any CPU
		{C249C66D-FC48-4744-9CEB-5D5E5C8DF7F9}.Release|Any CPU.Build.0 = Release|Any CPU
		{910482FD-477D-49EF-9F87-700F1DA45BB2}.Debug|Any CPU.ActiveCfg = Debug|Any CPU
		{910482FD-477D-49EF-9F87-700F1DA45BB2}.Debug|Any CPU.Build.0 = Debug|Any CPU
		{910482FD-477D-49EF-9F87-700F1DA45BB2}.Release|Any CPU.ActiveCfg = Release|Any CPU
		{910482FD-477D-49EF-9F87-700F1DA45BB2}.Release|Any CPU.Build.0 = Release|Any CPU
		{E4CF76FD-9804-4664-BC65-A052C480B8BA}.Debug|Any CPU.ActiveCfg = Debug|Any CPU
		{E4CF76FD-9804-4664-BC65-A052C480B8BA}.Debug|Any CPU.Build.0 = Debug|Any CPU
		{E4CF76FD-9804-4664-BC65-A052C480B8BA}.Release|Any CPU.ActiveCfg = Release|Any CPU
		{E4CF76FD-9804-4664-BC65-A052C480B8BA}.Release|Any CPU.Build.0 = Release|Any CPU
		{9008E681-9B5F-4E86-BE13-9521BF7244D4}.Debug|Any CPU.ActiveCfg = Debug|Any CPU
		{9008E681-9B5F-4E86-BE13-9521BF7244D4}.Debug|Any CPU.Build.0 = Debug|Any CPU
		{9008E681-9B5F-4E86-BE13-9521BF7244D4}.Release|Any CPU.ActiveCfg = Release|Any CPU
		{9008E681-9B5F-4E86-BE13-9521BF7244D4}.Release|Any CPU.Build.0 = Release|Any CPU
		{7361308A-DDCA-4E0B-84BF-87F101DAD5A9}.Debug|Any CPU.ActiveCfg = Debug|Any CPU
		{7361308A-DDCA-4E0B-84BF-87F101DAD5A9}.Debug|Any CPU.Build.0 = Debug|Any CPU
		{7361308A-DDCA-4E0B-84BF-87F101DAD5A9}.Release|Any CPU.ActiveCfg = Release|Any CPU
		{7361308A-DDCA-4E0B-84BF-87F101DAD5A9}.Release|Any CPU.Build.0 = Release|Any CPU
		{FFE533FA-760E-4409-B103-67F7F5EC59ED}.Debug|Any CPU.ActiveCfg = Debug|Any CPU
		{FFE533FA-760E-4409-B103-67F7F5EC59ED}.Debug|Any CPU.Build.0 = Debug|Any CPU
		{FFE533FA-760E-4409-B103-67F7F5EC59ED}.Release|Any CPU.ActiveCfg = Release|Any CPU
		{FFE533FA-760E-4409-B103-67F7F5EC59ED}.Release|Any CPU.Build.0 = Release|Any CPU
		{B4E57AF6-F2C1-4658-8C2F-942DCA0390B3}.Debug|Any CPU.ActiveCfg = Debug|Any CPU
		{B4E57AF6-F2C1-4658-8C2F-942DCA0390B3}.Debug|Any CPU.Build.0 = Debug|Any CPU
		{B4E57AF6-F2C1-4658-8C2F-942DCA0390B3}.Release|Any CPU.ActiveCfg = Release|Any CPU
		{B4E57AF6-F2C1-4658-8C2F-942DCA0390B3}.Release|Any CPU.Build.0 = Release|Any CPU
		{FA031B35-4BF2-4B2F-AF3C-A1DB077F6D1E}.Debug|Any CPU.ActiveCfg = Debug|Any CPU
		{FA031B35-4BF2-4B2F-AF3C-A1DB077F6D1E}.Debug|Any CPU.Build.0 = Debug|Any CPU
		{FA031B35-4BF2-4B2F-AF3C-A1DB077F6D1E}.Release|Any CPU.ActiveCfg = Release|Any CPU
		{FA031B35-4BF2-4B2F-AF3C-A1DB077F6D1E}.Release|Any CPU.Build.0 = Release|Any CPU
		{396EC8E4-3BE6-4F6C-90AC-0D62294FC162}.Debug|Any CPU.ActiveCfg = Debug|Any CPU
		{396EC8E4-3BE6-4F6C-90AC-0D62294FC162}.Debug|Any CPU.Build.0 = Debug|Any CPU
		{396EC8E4-3BE6-4F6C-90AC-0D62294FC162}.Release|Any CPU.ActiveCfg = Release|Any CPU
		{396EC8E4-3BE6-4F6C-90AC-0D62294FC162}.Release|Any CPU.Build.0 = Release|Any CPU
		{35CA5B95-7F77-4D1C-8A32-E8F3C9A52EA4}.Debug|Any CPU.ActiveCfg = Debug|Any CPU
		{35CA5B95-7F77-4D1C-8A32-E8F3C9A52EA4}.Debug|Any CPU.Build.0 = Debug|Any CPU
		{35CA5B95-7F77-4D1C-8A32-E8F3C9A52EA4}.Release|Any CPU.ActiveCfg = Release|Any CPU
		{35CA5B95-7F77-4D1C-8A32-E8F3C9A52EA4}.Release|Any CPU.Build.0 = Release|Any CPU
	EndGlobalSection
	GlobalSection(SolutionProperties) = preSolution
		HideSolutionNode = FALSE
	EndGlobalSection
	GlobalSection(NestedProjects) = preSolution
		{8F3C5F8A-2056-4691-B188-11896FD6037E} = {8113551A-8949-44B5-A187-66504FEC24E0}
		{AAE032C4-4CF8-407A-89B0-F26581AB42CC} = {8113551A-8949-44B5-A187-66504FEC24E0}
		{7362BB6E-F261-4CEB-BA04-F611AE818E9C} = {26884AA3-135C-483E-8B62-A93AD6F13E89}
		{B9018494-8A2C-4DD7-A898-A7B258CB187A} = {26884AA3-135C-483E-8B62-A93AD6F13E89}
		{52721255-5AFA-4B1A-97A8-6464887A5D7D} = {8113551A-8949-44B5-A187-66504FEC24E0}
		{5957FF02-776C-47B8-AF9E-C945BA3BC4CC} = {8113551A-8949-44B5-A187-66504FEC24E0}
		{3BDDA228-7CBC-4086-B32F-9D6592E5A53E} = {26884AA3-135C-483E-8B62-A93AD6F13E89}
		{FA176A06-C281-43BC-A0AA-7AF0CBFF4EFC} = {8113551A-8949-44B5-A187-66504FEC24E0}
		{6200575D-BBC0-4323-B01B-3B1D0B6E6FC3} = {8113551A-8949-44B5-A187-66504FEC24E0}
		{BDDA7B5C-B41A-4AB7-AB00-F33FC68CDEB3} = {8113551A-8949-44B5-A187-66504FEC24E0}
		{0E67CEC4-3D28-4154-A91F-1F5FF1E54FA9} = {26884AA3-135C-483E-8B62-A93AD6F13E89}
		{4222D2DB-B3EE-4C5D-BE74-B62A98331E42} = {8113551A-8949-44B5-A187-66504FEC24E0}
		{C249C66D-FC48-4744-9CEB-5D5E5C8DF7F9} = {8113551A-8949-44B5-A187-66504FEC24E0}
		{910482FD-477D-49EF-9F87-700F1DA45BB2} = {8113551A-8949-44B5-A187-66504FEC24E0}
		{E4CF76FD-9804-4664-BC65-A052C480B8BA} = {8113551A-8949-44B5-A187-66504FEC24E0}
		{9008E681-9B5F-4E86-BE13-9521BF7244D4} = {8113551A-8949-44B5-A187-66504FEC24E0}
		{7361308A-DDCA-4E0B-84BF-87F101DAD5A9} = {8113551A-8949-44B5-A187-66504FEC24E0}
		{FFE533FA-760E-4409-B103-67F7F5EC59ED} = {26884AA3-135C-483E-8B62-A93AD6F13E89}
		{B4E57AF6-F2C1-4658-8C2F-942DCA0390B3} = {8113551A-8949-44B5-A187-66504FEC24E0}
		{FA031B35-4BF2-4B2F-AF3C-A1DB077F6D1E} = {8113551A-8949-44B5-A187-66504FEC24E0}
		{396EC8E4-3BE6-4F6C-90AC-0D62294FC162} = {26884AA3-135C-483E-8B62-A93AD6F13E89}
		{35CA5B95-7F77-4D1C-8A32-E8F3C9A52EA4} = {0F92F1BD-3F46-4F83-BEA1-5E829ABD70AD}
	EndGlobalSection
	GlobalSection(ExtensibilityGlobals) = postSolution
		SolutionGuid = {BA09AC25-19C5-4B7B-8BC3-469DAE1F6A5D}
	EndGlobalSection
EndGlobal
